
Microsoft Visual Studio Solution File, Format Version 12.00
# Visual Studio Version 16
VisualStudioVersion = 16.0.30114.105
MinimumVisualStudioVersion = 10.0.40219.1
Project("{FAE04EC0-301F-11D3-BF4B-00C04F79EFBC}") = "R5T.Cambridge.Types", "R5T.Cambridge.Types\R5T.Cambridge.Types.csproj", "{4E6DAE10-8BEF-4C6B-A0E9-B53B4F75A3A8}"
EndProject
Project("{FAE04EC0-301F-11D3-BF4B-00C04F79EFBC}") = "R5T.Cambridge.Types.Construction", "R5T.Cambridge.Types.Construction\R5T.Cambridge.Types.Construction.csproj", "{2207B363-B929-41DE-9157-E54BE14F558D}"
EndProject
Project("{FAE04EC0-301F-11D3-BF4B-00C04F79EFBC}") = "R5T.Cambridge.Types.Testing", "R5T.Cambridge.Types.Testing\R5T.Cambridge.Types.Testing.csproj", "{279026DA-036A-4680-BCD5-DD22A43F1BF0}"
EndProject
Global
	GlobalSection(SolutionConfigurationPlatforms) = preSolution
		Debug|Any CPU = Debug|Any CPU
		Debug|x64 = Debug|x64
		Debug|x86 = Debug|x86
		Release|Any CPU = Release|Any CPU
		Release|x64 = Release|x64
		Release|x86 = Release|x86
	EndGlobalSection
	GlobalSection(SolutionProperties) = preSolution
		HideSolutionNode = FALSE
	EndGlobalSection
	GlobalSection(ProjectConfigurationPlatforms) = postSolution
		{4E6DAE10-8BEF-4C6B-A0E9-B53B4F75A3A8}.Debug|Any CPU.ActiveCfg = Debug|Any CPU
		{4E6DAE10-8BEF-4C6B-A0E9-B53B4F75A3A8}.Debug|Any CPU.Build.0 = Debug|Any CPU
		{4E6DAE10-8BEF-4C6B-A0E9-B53B4F75A3A8}.Debug|x64.ActiveCfg = Debug|Any CPU
		{4E6DAE10-8BEF-4C6B-A0E9-B53B4F75A3A8}.Debug|x64.Build.0 = Debug|Any CPU
		{4E6DAE10-8BEF-4C6B-A0E9-B53B4F75A3A8}.Debug|x86.ActiveCfg = Debug|Any CPU
		{4E6DAE10-8BEF-4C6B-A0E9-B53B4F75A3A8}.Debug|x86.Build.0 = Debug|Any CPU
		{4E6DAE10-8BEF-4C6B-A0E9-B53B4F75A3A8}.Release|Any CPU.ActiveCfg = Release|Any CPU
		{4E6DAE10-8BEF-4C6B-A0E9-B53B4F75A3A8}.Release|Any CPU.Build.0 = Release|Any CPU
		{4E6DAE10-8BEF-4C6B-A0E9-B53B4F75A3A8}.Release|x64.ActiveCfg = Release|Any CPU
		{4E6DAE10-8BEF-4C6B-A0E9-B53B4F75A3A8}.Release|x64.Build.0 = Release|Any CPU
		{4E6DAE10-8BEF-4C6B-A0E9-B53B4F75A3A8}.Release|x86.ActiveCfg = Release|Any CPU
		{4E6DAE10-8BEF-4C6B-A0E9-B53B4F75A3A8}.Release|x86.Build.0 = Release|Any CPU
		{2207B363-B929-41DE-9157-E54BE14F558D}.Debug|Any CPU.ActiveCfg = Debug|Any CPU
		{2207B363-B929-41DE-9157-E54BE14F558D}.Debug|Any CPU.Build.0 = Debug|Any CPU
		{2207B363-B929-41DE-9157-E54BE14F558D}.Debug|x64.ActiveCfg = Debug|Any CPU
		{2207B363-B929-41DE-9157-E54BE14F558D}.Debug|x64.Build.0 = Debug|Any CPU
		{2207B363-B929-41DE-9157-E54BE14F558D}.Debug|x86.ActiveCfg = Debug|Any CPU
		{2207B363-B929-41DE-9157-E54BE14F558D}.Debug|x86.Build.0 = Debug|Any CPU
		{2207B363-B929-41DE-9157-E54BE14F558D}.Release|Any CPU.ActiveCfg = Release|Any CPU
		{2207B363-B929-41DE-9157-E54BE14F558D}.Release|Any CPU.Build.0 = Release|Any CPU
		{2207B363-B929-41DE-9157-E54BE14F558D}.Release|x64.ActiveCfg = Release|Any CPU
		{2207B363-B929-41DE-9157-E54BE14F558D}.Release|x64.Build.0 = Release|Any CPU
		{2207B363-B929-41DE-9157-E54BE14F558D}.Release|x86.ActiveCfg = Release|Any CPU
		{2207B363-B929-41DE-9157-E54BE14F558D}.Release|x86.Build.0 = Release|Any CPU
		{279026DA-036A-4680-BCD5-DD22A43F1BF0}.Debug|Any CPU.ActiveCfg = Debug|Any CPU
		{279026DA-036A-4680-BCD5-DD22A43F1BF0}.Debug|Any CPU.Build.0 = Debug|Any CPU
		{279026DA-036A-4680-BCD5-DD22A43F1BF0}.Debug|x64.ActiveCfg = Debug|Any CPU
		{279026DA-036A-4680-BCD5-DD22A43F1BF0}.Debug|x64.Build.0 = Debug|Any CPU
		{279026DA-036A-4680-BCD5-DD22A43F1BF0}.Debug|x86.ActiveCfg = Debug|Any CPU
		{279026DA-036A-4680-BCD5-DD22A43F1BF0}.Debug|x86.Build.0 = Debug|Any CPU
		{279026DA-036A-4680-BCD5-DD22A43F1BF0}.Release|Any CPU.ActiveCfg = Release|Any CPU
		{279026DA-036A-4680-BCD5-DD22A43F1BF0}.Release|Any CPU.Build.0 = Release|Any CPU
		{279026DA-036A-4680-BCD5-DD22A43F1BF0}.Release|x64.ActiveCfg = Release|Any CPU
		{279026DA-036A-4680-BCD5-DD22A43F1BF0}.Release|x64.Build.0 = Release|Any CPU
		{279026DA-036A-4680-BCD5-DD22A43F1BF0}.Release|x86.ActiveCfg = Release|Any CPU
		{279026DA-036A-4680-BCD5-DD22A43F1BF0}.Release|x86.Build.0 = Release|Any CPU
	EndGlobalSection
EndGlobal
