
Microsoft Visual Studio Solution File, Format Version 12.00
# Visual Studio 15
VisualStudioVersion = 15.0.26124.0
MinimumVisualStudioVersion = 15.0.26124.0
Project("{FAE04EC0-301F-11D3-BF4B-00C04F79EFBC}") = "R5T.Cambridge.Types.Construction", "R5T.Cambridge.Types.Construction\R5T.Cambridge.Types.Construction.csproj", "{70E45BBD-DD9A-4827-BA7C-A79950DBD07C}"
EndProject
Project("{FAE04EC0-301F-11D3-BF4B-00C04F79EFBC}") = "R5T.Cambridge.Types", "R5T.Cambridge.Types\R5T.Cambridge.Types.csproj", "{A8AD030F-FE2C-4BD2-ABEC-B5E711546F84}"
EndProject
Project("{FAE04EC0-301F-11D3-BF4B-00C04F79EFBC}") = "R5T.Cambridge.Types.Testing", "R5T.Cambridge.Types.Testing\R5T.Cambridge.Types.Testing.csproj", "{1BB5F069-C4CD-41BD-9120-AB72A08E912A}"
EndProject
Global
	GlobalSection(SolutionConfigurationPlatforms) = preSolution
		Debug|Any CPU = Debug|Any CPU
		Debug|x64 = Debug|x64
		Debug|x86 = Debug|x86
		Release|Any CPU = Release|Any CPU
		Release|x64 = Release|x64
		Release|x86 = Release|x86
	EndGlobalSection
	GlobalSection(SolutionProperties) = preSolution
		HideSolutionNode = FALSE
	EndGlobalSection
	GlobalSection(ProjectConfigurationPlatforms) = postSolution
		{70E45BBD-DD9A-4827-BA7C-A79950DBD07C}.Debug|Any CPU.ActiveCfg = Debug|Any CPU
		{70E45BBD-DD9A-4827-BA7C-A79950DBD07C}.Debug|Any CPU.Build.0 = Debug|Any CPU
		{70E45BBD-DD9A-4827-BA7C-A79950DBD07C}.Debug|x64.ActiveCfg = Debug|Any CPU
		{70E45BBD-DD9A-4827-BA7C-A79950DBD07C}.Debug|x64.Build.0 = Debug|Any CPU
		{70E45BBD-DD9A-4827-BA7C-A79950DBD07C}.Debug|x86.ActiveCfg = Debug|Any CPU
		{70E45BBD-DD9A-4827-BA7C-A79950DBD07C}.Debug|x86.Build.0 = Debug|Any CPU
		{70E45BBD-DD9A-4827-BA7C-A79950DBD07C}.Release|Any CPU.ActiveCfg = Release|Any CPU
		{70E45BBD-DD9A-4827-BA7C-A79950DBD07C}.Release|Any CPU.Build.0 = Release|Any CPU
		{70E45BBD-DD9A-4827-BA7C-A79950DBD07C}.Release|x64.ActiveCfg = Release|Any CPU
		{70E45BBD-DD9A-4827-BA7C-A79950DBD07C}.Release|x64.Build.0 = Release|Any CPU
		{70E45BBD-DD9A-4827-BA7C-A79950DBD07C}.Release|x86.ActiveCfg = Release|Any CPU
		{70E45BBD-DD9A-4827-BA7C-A79950DBD07C}.Release|x86.Build.0 = Release|Any CPU
		{A8AD030F-FE2C-4BD2-ABEC-B5E711546F84}.Debug|Any CPU.ActiveCfg = Debug|Any CPU
		{A8AD030F-FE2C-4BD2-ABEC-B5E711546F84}.Debug|Any CPU.Build.0 = Debug|Any CPU
		{A8AD030F-FE2C-4BD2-ABEC-B5E711546F84}.Debug|x64.ActiveCfg = Debug|Any CPU
		{A8AD030F-FE2C-4BD2-ABEC-B5E711546F84}.Debug|x64.Build.0 = Debug|Any CPU
		{A8AD030F-FE2C-4BD2-ABEC-B5E711546F84}.Debug|x86.ActiveCfg = Debug|Any CPU
		{A8AD030F-FE2C-4BD2-ABEC-B5E711546F84}.Debug|x86.Build.0 = Debug|Any CPU
		{A8AD030F-FE2C-4BD2-ABEC-B5E711546F84}.Release|Any CPU.ActiveCfg = Release|Any CPU
		{A8AD030F-FE2C-4BD2-ABEC-B5E711546F84}.Release|Any CPU.Build.0 = Release|Any CPU
		{A8AD030F-FE2C-4BD2-ABEC-B5E711546F84}.Release|x64.ActiveCfg = Release|Any CPU
		{A8AD030F-FE2C-4BD2-ABEC-B5E711546F84}.Release|x64.Build.0 = Release|Any CPU
		{A8AD030F-FE2C-4BD2-ABEC-B5E711546F84}.Release|x86.ActiveCfg = Release|Any CPU
		{A8AD030F-FE2C-4BD2-ABEC-B5E711546F84}.Release|x86.Build.0 = Release|Any CPU
		{1BB5F069-C4CD-41BD-9120-AB72A08E912A}.Debug|Any CPU.ActiveCfg = Debug|Any CPU
		{1BB5F069-C4CD-41BD-9120-AB72A08E912A}.Debug|Any CPU.Build.0 = Debug|Any CPU
		{1BB5F069-C4CD-41BD-9120-AB72A08E912A}.Debug|x64.ActiveCfg = Debug|Any CPU
		{1BB5F069-C4CD-41BD-9120-AB72A08E912A}.Debug|x64.Build.0 = Debug|Any CPU
		{1BB5F069-C4CD-41BD-9120-AB72A08E912A}.Debug|x86.ActiveCfg = Debug|Any CPU
		{1BB5F069-C4CD-41BD-9120-AB72A08E912A}.Debug|x86.Build.0 = Debug|Any CPU
		{1BB5F069-C4CD-41BD-9120-AB72A08E912A}.Release|Any CPU.ActiveCfg = Release|Any CPU
		{1BB5F069-C4CD-41BD-9120-AB72A08E912A}.Release|Any CPU.Build.0 = Release|Any CPU
		{1BB5F069-C4CD-41BD-9120-AB72A08E912A}.Release|x64.ActiveCfg = Release|Any CPU
		{1BB5F069-C4CD-41BD-9120-AB72A08E912A}.Release|x64.Build.0 = Release|Any CPU
		{1BB5F069-C4CD-41BD-9120-AB72A08E912A}.Release|x86.ActiveCfg = Release|Any CPU
		{1BB5F069-C4CD-41BD-9120-AB72A08E912A}.Release|x86.Build.0 = Release|Any CPU
	EndGlobalSection
EndGlobal
